
Microsoft Visual Studio Solution File, Format Version 12.00
# Visual Studio Version 17
VisualStudioVersion = 17.11.35327.3
MinimumVisualStudioVersion = 10.0.40219.1
Project("{FAE04EC0-301F-11D3-BF4B-00C04F79EFBC}") = "JsonRead", "JsonRead\JsonRead.csproj", "{ECB0CF09-116F-4B19-80BC-9BE8C531E742}"
EndProject
Global
	GlobalSection(SolutionConfigurationPlatforms) = preSolution
		Debug|Any CPU = Debug|Any CPU
		Release|Any CPU = Release|Any CPU
	EndGlobalSection
	GlobalSection(ProjectConfigurationPlatforms) = postSolution
		{ECB0CF09-116F-4B19-80BC-9BE8C531E742}.Debug|Any CPU.ActiveCfg = Debug|Any CPU
		{ECB0CF09-116F-4B19-80BC-9BE8C531E742}.Debug|Any CPU.Build.0 = Debug|Any CPU
		{ECB0CF09-116F-4B19-80BC-9BE8C531E742}.Release|Any CPU.ActiveCfg = Release|Any CPU
		{ECB0CF09-116F-4B19-80BC-9BE8C531E742}.Release|Any CPU.Build.0 = Release|Any CPU
	EndGlobalSection
	GlobalSection(SolutionProperties) = preSolution
		HideSolutionNode = FALSE
	EndGlobalSection
	GlobalSection(ExtensibilityGlobals) = postSolution
		SolutionGuid = {FAAB9A3C-300B-44AD-8D84-6FF6FF6ACCE0}
	EndGlobalSection
EndGlobal
